
Microsoft Visual Studio Solution File, Format Version 12.00
# Visual Studio 2013
VisualStudioVersion = 12.0.30501.0
MinimumVisualStudioVersion = 10.0.40219.1
Project("{E24C65DC-7377-472B-9ABA-BC803B73C61A}") = "Website", "http://localhost:49823", "{5EB4DA97-22B1-429B-805E-154AB0307B84}"
	ProjectSection(WebsiteProperties) = preProject
		UseIISExpress = "true"
		TargetFrameworkMoniker = ".NETFramework,Version%3Dv4.5"
		Debug.AspNetCompiler.VirtualPath = "/localhost_49823"
		Debug.AspNetCompiler.PhysicalPath = "Website\"
		Debug.AspNetCompiler.TargetPath = "PrecompiledWeb\localhost_49823\"
		Debug.AspNetCompiler.Updateable = "true"
		Debug.AspNetCompiler.ForceOverwrite = "true"
		Debug.AspNetCompiler.FixedNames = "false"
		Debug.AspNetCompiler.Debug = "True"
		Release.AspNetCompiler.VirtualPath = "/localhost_49823"
		Release.AspNetCompiler.PhysicalPath = "Website\"
		Release.AspNetCompiler.TargetPath = "PrecompiledWeb\localhost_49823\"
		Release.AspNetCompiler.Updateable = "true"
		Release.AspNetCompiler.ForceOverwrite = "true"
		Release.AspNetCompiler.FixedNames = "false"
		Release.AspNetCompiler.Debug = "False"
		SlnRelativePath = "Website\"
		DefaultWebSiteLanguage = "Visual C#"
	EndProjectSection
EndProject
Project("{FAE04EC0-301F-11D3-BF4B-00C04F79EFBC}") = "eRestaurant", "eRestaurant\eRestaurant.csproj", "{06069AA0-6B57-4D80-A6F5-17C40B3A50C7}"
EndProject
Global
	GlobalSection(SolutionConfigurationPlatforms) = preSolution
		Debug|Any CPU = Debug|Any CPU
		Release|Any CPU = Release|Any CPU
	EndGlobalSection
	GlobalSection(ProjectConfigurationPlatforms) = postSolution
		{5EB4DA97-22B1-429B-805E-154AB0307B84}.Debug|Any CPU.ActiveCfg = Debug|Any CPU
		{5EB4DA97-22B1-429B-805E-154AB0307B84}.Debug|Any CPU.Build.0 = Debug|Any CPU
		{5EB4DA97-22B1-429B-805E-154AB0307B84}.Release|Any CPU.ActiveCfg = Debug|Any CPU
		{5EB4DA97-22B1-429B-805E-154AB0307B84}.Release|Any CPU.Build.0 = Debug|Any CPU
		{06069AA0-6B57-4D80-A6F5-17C40B3A50C7}.Debug|Any CPU.ActiveCfg = Debug|Any CPU
		{06069AA0-6B57-4D80-A6F5-17C40B3A50C7}.Debug|Any CPU.Build.0 = Debug|Any CPU
		{06069AA0-6B57-4D80-A6F5-17C40B3A50C7}.Release|Any CPU.ActiveCfg = Release|Any CPU
		{06069AA0-6B57-4D80-A6F5-17C40B3A50C7}.Release|Any CPU.Build.0 = Release|Any CPU
	EndGlobalSection
	GlobalSection(SolutionProperties) = preSolution
		HideSolutionNode = FALSE
	EndGlobalSection
EndGlobal
